
Microsoft Visual Studio Solution File, Format Version 12.00
# Visual Studio Version 17
VisualStudioVersion = 17.2.32630.192
MinimumVisualStudioVersion = 10.0.40219.1
Project("{2150E333-8FDC-42A3-9474-1A3956D46DE8}") = "src", "src", "{E96861C4-3E3A-4727-BEBF-D47695465B48}"
EndProject
Project("{2150E333-8FDC-42A3-9474-1A3956D46DE8}") = "tests", "tests", "{F514FFB1-654D-4A50-8C47-797C1164E602}"
EndProject
Project("{9A19103F-16F7-4668-BE54-9A1E7A4F7556}") = "Framework.Core", "Framework.Core\Framework.Core.csproj", "{12376640-A823-44B1-B114-3C56398E6EE0}"
EndProject
Project("{9A19103F-16F7-4668-BE54-9A1E7A4F7556}") = "Framework.Core.Tests", "Framework.Core.Tests\Framework.Core.Tests.csproj", "{E7F37EAE-B964-46CE-A410-6BC710936125}"
EndProject
Project("{2150E333-8FDC-42A3-9474-1A3956D46DE8}") = "Core", "Core", "{455C19C5-A37D-4FF0-B8A1-032CB6930BB2}"
EndProject
Project("{9A19103F-16F7-4668-BE54-9A1E7A4F7556}") = "Framework.Api", "Framework.Api\Framework.Api.csproj", "{00FED3B3-95B8-42DC-9738-0C231B752BFD}"
EndProject
Global
	GlobalSection(SolutionConfigurationPlatforms) = preSolution
		Debug|Any CPU = Debug|Any CPU
		Release|Any CPU = Release|Any CPU
	EndGlobalSection
	GlobalSection(ProjectConfigurationPlatforms) = postSolution
		{12376640-A823-44B1-B114-3C56398E6EE0}.Debug|Any CPU.ActiveCfg = Debug|Any CPU
		{12376640-A823-44B1-B114-3C56398E6EE0}.Debug|Any CPU.Build.0 = Debug|Any CPU
		{12376640-A823-44B1-B114-3C56398E6EE0}.Release|Any CPU.ActiveCfg = Release|Any CPU
		{12376640-A823-44B1-B114-3C56398E6EE0}.Release|Any CPU.Build.0 = Release|Any CPU
		{E7F37EAE-B964-46CE-A410-6BC710936125}.Debug|Any CPU.ActiveCfg = Debug|Any CPU
		{E7F37EAE-B964-46CE-A410-6BC710936125}.Debug|Any CPU.Build.0 = Debug|Any CPU
		{E7F37EAE-B964-46CE-A410-6BC710936125}.Release|Any CPU.ActiveCfg = Release|Any CPU
		{E7F37EAE-B964-46CE-A410-6BC710936125}.Release|Any CPU.Build.0 = Release|Any CPU
		{00FED3B3-95B8-42DC-9738-0C231B752BFD}.Debug|Any CPU.ActiveCfg = Debug|Any CPU
		{00FED3B3-95B8-42DC-9738-0C231B752BFD}.Debug|Any CPU.Build.0 = Debug|Any CPU
		{00FED3B3-95B8-42DC-9738-0C231B752BFD}.Release|Any CPU.ActiveCfg = Release|Any CPU
		{00FED3B3-95B8-42DC-9738-0C231B752BFD}.Release|Any CPU.Build.0 = Release|Any CPU
	EndGlobalSection
	GlobalSection(SolutionProperties) = preSolution
		HideSolutionNode = FALSE
	EndGlobalSection
	GlobalSection(NestedProjects) = preSolution
		{12376640-A823-44B1-B114-3C56398E6EE0} = {455C19C5-A37D-4FF0-B8A1-032CB6930BB2}
		{E7F37EAE-B964-46CE-A410-6BC710936125} = {F514FFB1-654D-4A50-8C47-797C1164E602}
		{455C19C5-A37D-4FF0-B8A1-032CB6930BB2} = {E96861C4-3E3A-4727-BEBF-D47695465B48}
		{00FED3B3-95B8-42DC-9738-0C231B752BFD} = {E96861C4-3E3A-4727-BEBF-D47695465B48}
	EndGlobalSection
	GlobalSection(ExtensibilityGlobals) = postSolution
		SolutionGuid = {209D56B5-5ADE-46D4-AD4F-5D921E1C2752}
	EndGlobalSection
EndGlobal
